PODS:
  - Alamofire (5.5.0)
  - GoogleMaps (6.0.1):
    - GoogleMaps/Maps (= 6.0.1)
  - GoogleMaps/Base (6.0.1)
  - GoogleMaps/Maps (6.0.1):
    - GoogleMaps/Base
  - GooglePlaces (6.0.0)
  - SDWebImage (5.12.2):
    - SDWebImage/Core (= 5.12.2)
  - SDWebImage/Core (5.12.2)
  - SwiftyJSON (5.0.1)

DEPENDENCIES:
  - Alamofire
  - GoogleMaps
  - GooglePlaces
  - SDWebImage
  - SwiftyJSON

SPEC REPOS:
  trunk:
    - Alamofire
    - GoogleMaps
    - GooglePlaces
    - SDWebImage
    - SwiftyJSON

SPEC CHECKSUMS:
  Alamofire: 1c4fb5369c3fe93d2857c780d8bbe09f06f97e7c
  GoogleMaps: c213fc2334b7374144cede914da779b99be0ab74
  GooglePlaces: c97d96ae68594acb64035c9ca9f26fbfc1d23af1
  SDWebImage: 240e5c12b592fb1268c1d03b8c90d90e8c2ffe82
  SwiftyJSON: 2f33a42c6fbc52764d96f13368585094bfd8aa5e

PODFILE CHECKSUM: eb1e8f031f854f5b7233bb3f920f94efae5370da

COCOAPODS: 1.11.2
