// !$*UTF8*$!
{
	archiveVersion = 1;
	classes = {
	};
	objectVersion = 55;
	objects = {

/* Begin PBXBuildFile section */
		220A0BEC278ADB79000F4AD1 /* TravelSearch.storyboard in Resources */ = {isa = PBXBuildFile; fileRef = 220A0BEB278ADB79000F4AD1 /* TravelSearch.storyboard */; };
		86514DEA278C0EC2003839DF /* MapPresenter.swift in Sources */ = {isa = PBXBuildFile; fileRef = 86514DE9278C0EC2003839DF /* MapPresenter.swift */; };
		87A49747278B4DDA00D1D33A /* GourmandSearchViewController.swift in Sources */ = {isa = PBXBuildFile; fileRef = 87A49746278B4DD900D1D33A /* GourmandSearchViewController.swift */; };
		87A4974B278B536A00D1D33A /* TravelSearchViewController.swift in Sources */ = {isa = PBXBuildFile; fileRef = 87A4974A278B536A00D1D33A /* TravelSearchViewController.swift */; };
		87A4974E278B648F00D1D33A /* WebView.storyboard in Resources */ = {isa = PBXBuildFile; fileRef = 87A4974D278B648F00D1D33A /* WebView.storyboard */; };
		87A49750278B653900D1D33A /* PlaceSearch.storyboard in Resources */ = {isa = PBXBuildFile; fileRef = 87A4974F278B653900D1D33A /* PlaceSearch.storyboard */; };
		87A49752278B65E100D1D33A /* MapView.storyboard in Resources */ = {isa = PBXBuildFile; fileRef = 87A49751278B65E100D1D33A /* MapView.storyboard */; };
		87A49755278B664500D1D33A /* MapViewController.swift in Sources */ = {isa = PBXBuildFile; fileRef = 87A49754278B664500D1D33A /* MapViewController.swift */; };
		87A49757278B668000D1D33A /* PlaceSearchViewController.swift in Sources */ = {isa = PBXBuildFile; fileRef = 87A49756278B668000D1D33A /* PlaceSearchViewController.swift */; };
		87A4975A278B671F00D1D33A /* WebViewController.swift in Sources */ = {isa = PBXBuildFile; fileRef = 87A49759278B671E00D1D33A /* WebViewController.swift */; };
		87A4975D278B678600D1D33A /* GourmandCategoryViewController.swift in Sources */ = {isa = PBXBuildFile; fileRef = 87A4975C278B678600D1D33A /* GourmandCategoryViewController.swift */; };
		87A4975F278B6CE600D1D33A /* FavView.storyboard in Resources */ = {isa = PBXBuildFile; fileRef = 87A4975E278B6CE600D1D33A /* FavView.storyboard */; };
		87A49764278B712600D1D33A /* FavOfTravelViewController.swift in Sources */ = {isa = PBXBuildFile; fileRef = 87A49763278B712600D1D33A /* FavOfTravelViewController.swift */; };
		87A49766278B713B00D1D33A /* FavOfGourmandViewController.swift in Sources */ = {isa = PBXBuildFile; fileRef = 87A49765278B713B00D1D33A /* FavOfGourmandViewController.swift */; };
		87A49768278B714F00D1D33A /* FavOfNetShoppingViewController.swift in Sources */ = {isa = PBXBuildFile; fileRef = 87A49767278B714F00D1D33A /* FavOfNetShoppingViewController.swift */; };
		87E10C61278A967F005AAA4A /* AppDelegate.swift in Sources */ = {isa = PBXBuildFile; fileRef = 87E10C60278A967F005AAA4A /* AppDelegate.swift */; };
		87E10C63278A967F005AAA4A /* SceneDelegate.swift in Sources */ = {isa = PBXBuildFile; fileRef = 87E10C62278A967F005AAA4A /* SceneDelegate.swift */; };
		87E10C65278A967F005AAA4A /* HomeViewController.swift in Sources */ = {isa = PBXBuildFile; fileRef = 87E10C64278A967F005AAA4A /* HomeViewController.swift */; };
		87E10C68278A967F005AAA4A /* Main.storyboard in Resources */ = {isa = PBXBuildFile; fileRef = 87E10C66278A967F005AAA4A /* Main.storyboard */; };
		87E10C6A278A9680005AAA4A /* Assets.xcassets in Resources */ = {isa = PBXBuildFile; fileRef = 87E10C69278A9680005AAA4A /* Assets.xcassets */; };
		87E10C6D278A9680005AAA4A /* LaunchScreen.storyboard in Resources */ = {isa = PBXBuildFile; fileRef = 87E10C6B278A9680005AAA4A /* LaunchScreen.storyboard */; };
		87E10C7A278A9E00005AAA4A /* NetShopping.storyboard in Resources */ = {isa = PBXBuildFile; fileRef = 87E10C79278A9E00005AAA4A /* NetShopping.storyboard */; };
		87E10C7E278A9EB4005AAA4A /* NetShoppingViewController.swift in Sources */ = {isa = PBXBuildFile; fileRef = 87E10C7D278A9EB4005AAA4A /* NetShoppingViewController.swift */; };
		87E10C80278AAA3A005AAA4A /* GourmandSearch.storyboard in Resources */ = {isa = PBXBuildFile; fileRef = 87E10C7F278AAA3A005AAA4A /* GourmandSearch.storyboard */; };
		C0F0D02932466EB2F5332F9E /* Pods_Seachers.framework in Frameworks */ = {isa = PBXBuildFile; fileRef = 02AC76828558B154338808DE /* Pods_Seachers.framework */; };
/* End PBXBuildFile section */

/* Begin PBXFileReference section */
		02AC76828558B154338808DE /* Pods_Seachers.framework */ = {isa = PBXFileReference; explicitFileType = wrapper.framework; includeInIndex = 0; path = Pods_Seachers.framework; sourceTree = BUILT_PRODUCTS_DIR; };
		220A0BEB278ADB79000F4AD1 /* TravelSearch.storyboard */ = {isa = PBXFileReference; lastKnownFileType = file.storyboard; path = TravelSearch.storyboard; sourceTree = "<group>"; };
		246EEE1674E45709A3BAA599 /* Pods-Seachers.release.xcconfig */ = {isa = PBXFileReference; includeInIndex = 1; lastKnownFileType = text.xcconfig; name = "Pods-Seachers.release.xcconfig"; path = "Target Support Files/Pods-Seachers/Pods-Seachers.release.xcconfig"; sourceTree = "<group>"; };
		3A6F3AEA775E55F36E45865B /* Pods-Seachers.debug.xcconfig */ = {isa = PBXFileReference; includeInIndex = 1; lastKnownFileType = text.xcconfig; name = "Pods-Seachers.debug.xcconfig"; path = "Target Support Files/Pods-Seachers/Pods-Seachers.debug.xcconfig"; sourceTree = "<group>"; };
		86514DE9278C0EC2003839DF /* MapPresenter.swift */ = {isa = PBXFileReference; lastKnownFileType = sourcecode.swift; path = MapPresenter.swift; sourceTree = "<group>"; };
		87A49746278B4DD900D1D33A /* GourmandSearchViewController.swift */ = {isa = PBXFileReference; lastKnownFileType = sourcecode.swift; path = GourmandSearchViewController.swift; sourceTree = "<group>"; };
		87A4974A278B536A00D1D33A /* TravelSearchViewController.swift */ = {isa = PBXFileReference; lastKnownFileType = sourcecode.swift; path = TravelSearchViewController.swift; sourceTree = "<group>"; };
		87A4974D278B648F00D1D33A /* WebView.storyboard */ = {isa = PBXFileReference; lastKnownFileType = file.storyboard; path = WebView.storyboard; sourceTree = "<group>"; };
		87A4974F278B653900D1D33A /* PlaceSearch.storyboard */ = {isa = PBXFileReference; lastKnownFileType = file.storyboard; path = PlaceSearch.storyboard; sourceTree = "<group>"; };
		87A49751278B65E100D1D33A /* MapView.storyboard */ = {isa = PBXFileReference; lastKnownFileType = file.storyboard; path = MapView.storyboard; sourceTree = "<group>"; };
		87A49754278B664500D1D33A /* MapViewController.swift */ = {isa = PBXFileReference; lastKnownFileType = sourcecode.swift; path = MapViewController.swift; sourceTree = "<group>"; };
		87A49756278B668000D1D33A /* PlaceSearchViewController.swift */ = {isa = PBXFileReference; lastKnownFileType = sourcecode.swift; path = PlaceSearchViewController.swift; sourceTree = "<group>"; };
		87A49759278B671E00D1D33A /* WebViewController.swift */ = {isa = PBXFileReference; lastKnownFileType = sourcecode.swift; path = WebViewController.swift; sourceTree = "<group>"; };
		87A4975C278B678600D1D33A /* GourmandCategoryViewController.swift */ = {isa = PBXFileReference; lastKnownFileType = sourcecode.swift; path = GourmandCategoryViewController.swift; sourceTree = "<group>"; };
		87A4975E278B6CE600D1D33A /* FavView.storyboard */ = {isa = PBXFileReference; lastKnownFileType = file.storyboard; path = FavView.storyboard; sourceTree = "<group>"; };
		87A49763278B712600D1D33A /* FavOfTravelViewController.swift */ = {isa = PBXFileReference; lastKnownFileType = sourcecode.swift; path = FavOfTravelViewController.swift; sourceTree = "<group>"; };
		87A49765278B713B00D1D33A /* FavOfGourmandViewController.swift */ = {isa = PBXFileReference; lastKnownFileType = sourcecode.swift; path = FavOfGourmandViewController.swift; sourceTree = "<group>"; };
		87A49767278B714F00D1D33A /* FavOfNetShoppingViewController.swift */ = {isa = PBXFileReference; lastKnownFileType = sourcecode.swift; path = FavOfNetShoppingViewController.swift; sourceTree = "<group>"; };
		87E10C5D278A967F005AAA4A /* Seachers.app */ = {isa = PBXFileReference; explicitFileType = wrapper.application; includeInIndex = 0; path = Seachers.app; sourceTree = BUILT_PRODUCTS_DIR; };
		87E10C60278A967F005AAA4A /* AppDelegate.swift */ = {isa = PBXFileReference; lastKnownFileType = sourcecode.swift; path = AppDelegate.swift; sourceTree = "<group>"; };
		87E10C62278A967F005AAA4A /* SceneDelegate.swift */ = {isa = PBXFileReference; lastKnownFileType = sourcecode.swift; path = SceneDelegate.swift; sourceTree = "<group>"; };
		87E10C64278A967F005AAA4A /* HomeViewController.swift */ = {isa = PBXFileReference; lastKnownFileType = sourcecode.swift; path = HomeViewController.swift; sourceTree = "<group>"; };
		87E10C67278A967F005AAA4A /* Base */ = {isa = PBXFileReference; lastKnownFileType = file.storyboard; name = Base; path = Base.lproj/Main.storyboard; sourceTree = "<group>"; };
		87E10C69278A9680005AAA4A /* Assets.xcassets */ = {isa = PBXFileReference; lastKnownFileType = folder.assetcatalog; path = Assets.xcassets; sourceTree = "<group>"; };
		87E10C6C278A9680005AAA4A /* Base */ = {isa = PBXFileReference; lastKnownFileType = file.storyboard; name = Base; path = Base.lproj/LaunchScreen.storyboard; sourceTree = "<group>"; };
		87E10C6E278A9680005AAA4A /* Info.plist */ = {isa = PBXFileReference; lastKnownFileType = text.plist.xml; path = Info.plist; sourceTree = "<group>"; };
		87E10C79278A9E00005AAA4A /* NetShopping.storyboard */ = {isa = PBXFileReference; lastKnownFileType = file.storyboard; path = NetShopping.storyboard; sourceTree = "<group>"; };
		87E10C7D278A9EB4005AAA4A /* NetShoppingViewController.swift */ = {isa = PBXFileReference; lastKnownFileType = sourcecode.swift; path = NetShoppingViewController.swift; sourceTree = "<group>"; };
		87E10C7F278AAA3A005AAA4A /* GourmandSearch.storyboard */ = {isa = PBXFileReference; lastKnownFileType = file.storyboard; path = GourmandSearch.storyboard; sourceTree = "<group>"; };
		87E10C82278ADD89005AAA4A /* GourmandSearchViewController.swift */ = {isa = PBXFileReference; lastKnownFileType = sourcecode.swift; path = GourmandSearchViewController.swift; sourceTree = "<group>"; };
/* End PBXFileReference section */

/* Begin PBXFrameworksBuildPhase section */
		87E10C5A278A967F005AAA4A /* Frameworks */ = {
			isa = PBXFrameworksBuildPhase;
			buildActionMask = 2147483647;
			files = (
				C0F0D02932466EB2F5332F9E /* Pods_Seachers.framework in Frameworks */,
			);
			runOnlyForDeploymentPostprocessing = 0;
		};
/* End PBXFrameworksBuildPhase section */

/* Begin PBXGroup section */
		220A0BE2278AB8A1000F4AD1 /* PlaceSearchViewController */ = {
			isa = PBXGroup;
			children = (
				87A49756278B668000D1D33A /* PlaceSearchViewController.swift */,
			);
			path = PlaceSearchViewController;
			sourceTree = "<group>";
		};
		840095A7B1C94F6C57977F12 /* Frameworks */ = {
			isa = PBXGroup;
			children = (
				02AC76828558B154338808DE /* Pods_Seachers.framework */,
			);
			name = Frameworks;
			sourceTree = "<group>";
		};
		87A49743278B4B2A00D1D33A /* Recovered References */ = {
			isa = PBXGroup;
			children = (
				87E10C82278ADD89005AAA4A /* GourmandSearchViewController.swift */,
			);
			name = "Recovered References";
			sourceTree = "<group>";
		};
		87A49745278B4DB000D1D33A /* GourmandSearchViewController */ = {
			isa = PBXGroup;
			children = (
				87A49746278B4DD900D1D33A /* GourmandSearchViewController.swift */,
			);
			path = GourmandSearchViewController;
			sourceTree = "<group>";
		};
		87A49749278B534A00D1D33A /* TravelSearchViewController */ = {
			isa = PBXGroup;
			children = (
				87A4974A278B536A00D1D33A /* TravelSearchViewController.swift */,
			);
			path = TravelSearchViewController;
			sourceTree = "<group>";
		};
		87A49753278B662700D1D33A /* MapViewController */ = {
			isa = PBXGroup;
			children = (
				87A49754278B664500D1D33A /* MapViewController.swift */,
				86514DE9278C0EC2003839DF /* MapPresenter.swift */,
			);
			path = MapViewController;
			sourceTree = "<group>";
		};
		87A49758278B670900D1D33A /* WebViewController */ = {
			isa = PBXGroup;
			children = (
				87A49759278B671E00D1D33A /* WebViewController.swift */,
			);
			path = WebViewController;
			sourceTree = "<group>";
		};
		87A4975B278B675600D1D33A /* GoumandCategoryViewController */ = {
			isa = PBXGroup;
			children = (
				87A4975C278B678600D1D33A /* GourmandCategoryViewController.swift */,
			);
			path = GoumandCategoryViewController;
			sourceTree = "<group>";
		};
		87A49760278B70C600D1D33A /* FavOfNetShoppingViewController */ = {
			isa = PBXGroup;
			children = (
				87A49767278B714F00D1D33A /* FavOfNetShoppingViewController.swift */,
			);
			path = FavOfNetShoppingViewController;
			sourceTree = "<group>";
		};
		87A49761278B70E500D1D33A /* FavOfGourmandViewController */ = {
			isa = PBXGroup;
			children = (
				87A49765278B713B00D1D33A /* FavOfGourmandViewController.swift */,
			);
			path = FavOfGourmandViewController;
			sourceTree = "<group>";
		};
		87A49762278B70FD00D1D33A /* FavOfTravelViewController */ = {
			isa = PBXGroup;
			children = (
				87A49763278B712600D1D33A /* FavOfTravelViewController.swift */,
			);
			path = FavOfTravelViewController;
			sourceTree = "<group>";
		};
		87E10C54278A967F005AAA4A = {
			isa = PBXGroup;
			children = (
				87E10C5F278A967F005AAA4A /* Seachers */,
				87E10C5E278A967F005AAA4A /* Products */,
				C2E58B1126870D992F1FFBE7 /* Pods */,
				840095A7B1C94F6C57977F12 /* Frameworks */,
				87A49743278B4B2A00D1D33A /* Recovered References */,
			);
			sourceTree = "<group>";
		};
		87E10C5E278A967F005AAA4A /* Products */ = {
			isa = PBXGroup;
			children = (
				87E10C5D278A967F005AAA4A /* Seachers.app */,
			);
			name = Products;
			sourceTree = "<group>";
		};
		87E10C5F278A967F005AAA4A /* Seachers */ = {
			isa = PBXGroup;
			children = (
				87E10C76278A9B8D005AAA4A /* ViewController */,
				87E10C75278A9B87005AAA4A /* Model */,
				87E10C74278A9B6D005AAA4A /* View */,
			);
			path = Seachers;
			sourceTree = "<group>";
		};
		87E10C74278A9B6D005AAA4A /* View */ = {
			isa = PBXGroup;
			children = (
				87E10C78278A9BAE005AAA4A /* Storyboard */,
				87E10C60278A967F005AAA4A /* AppDelegate.swift */,
				87E10C62278A967F005AAA4A /* SceneDelegate.swift */,
				87E10C69278A9680005AAA4A /* Assets.xcassets */,
				87E10C6E278A9680005AAA4A /* Info.plist */,
			);
			path = View;
			sourceTree = "<group>";
		};
		87E10C75278A9B87005AAA4A /* Model */ = {
			isa = PBXGroup;
			children = (
			);
			path = Model;
			sourceTree = "<group>";
		};
		87E10C76278A9B8D005AAA4A /* ViewController */ = {
			isa = PBXGroup;
			children = (
				87A49762278B70FD00D1D33A /* FavOfTravelViewController */,
				87A49761278B70E500D1D33A /* FavOfGourmandViewController */,
				87A49760278B70C600D1D33A /* FavOfNetShoppingViewController */,
				87A4975B278B675600D1D33A /* GoumandCategoryViewController */,
				87A49758278B670900D1D33A /* WebViewController */,
				87A49753278B662700D1D33A /* MapViewController */,
				87A49749278B534A00D1D33A /* TravelSearchViewController */,
				87A49745278B4DB000D1D33A /* GourmandSearchViewController */,
				220A0BE2278AB8A1000F4AD1 /* PlaceSearchViewController */,
				87E10C7C278A9E8B005AAA4A /* NetShoppingViewController */,
				87E10C7B278A9E77005AAA4A /* HomeViewController */,
			);
			path = ViewController;
			sourceTree = "<group>";
		};
		87E10C78278A9BAE005AAA4A /* Storyboard */ = {
			isa = PBXGroup;
			children = (
				87E10C66278A967F005AAA4A /* Main.storyboard */,
				220A0BEB278ADB79000F4AD1 /* TravelSearch.storyboard */,
				87E10C6B278A9680005AAA4A /* LaunchScreen.storyboard */,
				87E10C79278A9E00005AAA4A /* NetShopping.storyboard */,
				87E10C7F278AAA3A005AAA4A /* GourmandSearch.storyboard */,
				87A4974D278B648F00D1D33A /* WebView.storyboard */,
				87A4974F278B653900D1D33A /* PlaceSearch.storyboard */,
				87A49751278B65E100D1D33A /* MapView.storyboard */,
				87A4975E278B6CE600D1D33A /* FavView.storyboard */,
			);
			path = Storyboard;
			sourceTree = "<group>";
		};
		87E10C7B278A9E77005AAA4A /* HomeViewController */ = {
			isa = PBXGroup;
			children = (
				87E10C64278A967F005AAA4A /* HomeViewController.swift */,
			);
			path = HomeViewController;
			sourceTree = "<group>";
		};
		87E10C7C278A9E8B005AAA4A /* NetShoppingViewController */ = {
			isa = PBXGroup;
			children = (
				87E10C7D278A9EB4005AAA4A /* NetShoppingViewController.swift */,
			);
			path = NetShoppingViewController;
			sourceTree = "<group>";
		};
		C2E58B1126870D992F1FFBE7 /* Pods */ = {
			isa = PBXGroup;
			children = (
				3A6F3AEA775E55F36E45865B /* Pods-Seachers.debug.xcconfig */,
				246EEE1674E45709A3BAA599 /* Pods-Seachers.release.xcconfig */,
			);
			path = Pods;
			sourceTree = "<group>";
		};
/* End PBXGroup section */

/* Begin PBXNativeTarget section */
		87E10C5C278A967F005AAA4A /* Seachers */ = {
			isa = PBXNativeTarget;
			buildConfigurationList = 87E10C71278A9680005AAA4A /* Build configuration list for PBXNativeTarget "Seachers" */;
			buildPhases = (
				559442CE37D4080B662C2A3D /* [CP] Check Pods Manifest.lock */,
				87E10C59278A967F005AAA4A /* Sources */,
				87E10C5A278A967F005AAA4A /* Frameworks */,
				87E10C5B278A967F005AAA4A /* Resources */,
				3AFFD9EC505B23AF5E2A47ED /* [CP] Embed Pods Frameworks */,
				19D51E9850EDF12901D596A8 /* [CP] Copy Pods Resources */,
			);
			buildRules = (
			);
			dependencies = (
			);
			name = Seachers;
			productName = Seachers;
			productReference = 87E10C5D278A967F005AAA4A /* Seachers.app */;
			productType = "com.apple.product-type.application";
		};
/* End PBXNativeTarget section */

/* Begin PBXProject section */
		87E10C55278A967F005AAA4A /* Project object */ = {
			isa = PBXProject;
			attributes = {
				BuildIndependentTargetsInParallel = 1;
				LastSwiftUpdateCheck = 1320;
				LastUpgradeCheck = 1320;
				TargetAttributes = {
					87E10C5C278A967F005AAA4A = {
						CreatedOnToolsVersion = 13.2.1;
					};
				};
			};
			buildConfigurationList = 87E10C58278A967F005AAA4A /* Build configuration list for PBXProject "Seachers" */;
			compatibilityVersion = "Xcode 13.0";
			developmentRegion = en;
			hasScannedForEncodings = 0;
			knownRegions = (
				en,
				Base,
			);
			mainGroup = 87E10C54278A967F005AAA4A;
			productRefGroup = 87E10C5E278A967F005AAA4A /* Products */;
			projectDirPath = "";
			projectRoot = "";
			targets = (
				87E10C5C278A967F005AAA4A /* Seachers */,
			);
		};
/* End PBXProject section */

/* Begin PBXResourcesBuildPhase section */
		87E10C5B278A967F005AAA4A /* Resources */ = {
			isa = PBXResourcesBuildPhase;
			buildActionMask = 2147483647;
			files = (
				87A49750278B653900D1D33A /* PlaceSearch.storyboard in Resources */,
				87E10C7A278A9E00005AAA4A /* NetShopping.storyboard in Resources */,
				87E10C6D278A9680005AAA4A /* LaunchScreen.storyboard in Resources */,
				220A0BEC278ADB79000F4AD1 /* TravelSearch.storyboard in Resources */,
				87A4974E278B648F00D1D33A /* WebView.storyboard in Resources */,
				87A49752278B65E100D1D33A /* MapView.storyboard in Resources */,
				87E10C6A278A9680005AAA4A /* Assets.xcassets in Resources */,
				87E10C68278A967F005AAA4A /* Main.storyboard in Resources */,
				87E10C80278AAA3A005AAA4A /* GourmandSearch.storyboard in Resources */,
				87A4975F278B6CE600D1D33A /* FavView.storyboard in Resources */,
			);
			runOnlyForDeploymentPostprocessing = 0;
		};
/* End PBXResourcesBuildPhase section */

/* Begin PBXShellScriptBuildPhase section */
		19D51E9850EDF12901D596A8 /* [CP] Copy Pods Resources */ = {
			isa = PBXShellScriptBuildPhase;
			buildActionMask = 2147483647;
			files = (
			);
			inputFileListPaths = (
				"${PODS_ROOT}/Target Support Files/Pods-Seachers/Pods-Seachers-resources-${CONFIGURATION}-input-files.xcfilelist",
			);
			name = "[CP] Copy Pods Resources";
			outputFileListPaths = (
				"${PODS_ROOT}/Target Support Files/Pods-Seachers/Pods-Seachers-resources-${CONFIGURATION}-output-files.xcfilelist",
			);
			runOnlyForDeploymentPostprocessing = 0;
			shellPath = /bin/sh;
			shellScript = "\"${PODS_ROOT}/Target Support Files/Pods-Seachers/Pods-Seachers-resources.sh\"\n";
			showEnvVarsInLog = 0;
		};
		3AFFD9EC505B23AF5E2A47ED /* [CP] Embed Pods Frameworks */ = {
			isa = PBXShellScriptBuildPhase;
			buildActionMask = 2147483647;
			files = (
			);
			inputFileListPaths = (
				"${PODS_ROOT}/Target Support Files/Pods-Seachers/Pods-Seachers-frameworks-${CONFIGURATION}-input-files.xcfilelist",
			);
			name = "[CP] Embed Pods Frameworks";
			outputFileListPaths = (
				"${PODS_ROOT}/Target Support Files/Pods-Seachers/Pods-Seachers-frameworks-${CONFIGURATION}-output-files.xcfilelist",
			);
			runOnlyForDeploymentPostprocessing = 0;
			shellPath = /bin/sh;
			shellScript = "\"${PODS_ROOT}/Target Support Files/Pods-Seachers/Pods-Seachers-frameworks.sh\"\n";
			showEnvVarsInLog = 0;
		};
		559442CE37D4080B662C2A3D /* [CP] Check Pods Manifest.lock */ = {
			isa = PBXShellScriptBuildPhase;
			buildActionMask = 2147483647;
			files = (
			);
			inputFileListPaths = (
			);
			inputPaths = (
				"${PODS_PODFILE_DIR_PATH}/Podfile.lock",
				"${PODS_ROOT}/Manifest.lock",
			);
			name = "[CP] Check Pods Manifest.lock";
			outputFileListPaths = (
			);
			outputPaths = (
				"$(DERIVED_FILE_DIR)/Pods-Seachers-checkManifestLockResult.txt",
			);
			runOnlyForDeploymentPostprocessing = 0;
			shellPath = /bin/sh;
			shellScript = "diff \"${PODS_PODFILE_DIR_PATH}/Podfile.lock\" \"${PODS_ROOT}/Manifest.lock\" > /dev/null\nif [ $? != 0 ] ; then\n    # print error to STDERR\n    echo \"error: The sandbox is not in sync with the Podfile.lock. Run 'pod install' or update your CocoaPods installation.\" >&2\n    exit 1\nfi\n# This output is used by Xcode 'outputs' to avoid re-running this script phase.\necho \"SUCCESS\" > \"${SCRIPT_OUTPUT_FILE_0}\"\n";
			showEnvVarsInLog = 0;
		};
/* End PBXShellScriptBuildPhase section */

/* Begin PBXSourcesBuildPhase section */
		87E10C59278A967F005AAA4A /* Sources */ = {
			isa = PBXSourcesBuildPhase;
			buildActionMask = 2147483647;
			files = (
				87A49768278B714F00D1D33A /* FavOfNetShoppingViewController.swift in Sources */,
				86514DEA278C0EC2003839DF /* MapPresenter.swift in Sources */,
				87A4974B278B536A00D1D33A /* TravelSearchViewController.swift in Sources */,
				87A4975A278B671F00D1D33A /* WebViewController.swift in Sources */,
				87E10C7E278A9EB4005AAA4A /* NetShoppingViewController.swift in Sources */,
				87A49747278B4DDA00D1D33A /* GourmandSearchViewController.swift in Sources */,
				87E10C65278A967F005AAA4A /* HomeViewController.swift in Sources */,
				87A49764278B712600D1D33A /* FavOfTravelViewController.swift in Sources */,
				87A4975D278B678600D1D33A /* GourmandCategoryViewController.swift in Sources */,
				87A49757278B668000D1D33A /* PlaceSearchViewController.swift in Sources */,
				87E10C61278A967F005AAA4A /* AppDelegate.swift in Sources */,
				87E10C63278A967F005AAA4A /* SceneDelegate.swift in Sources */,
				87A49766278B713B00D1D33A /* FavOfGourmandViewController.swift in Sources */,
				87A49755278B664500D1D33A /* MapViewController.swift in Sources */,
			);
			runOnlyForDeploymentPostprocessing = 0;
		};
/* End PBXSourcesBuildPhase section */

/* Begin PBXVariantGroup section */
		87E10C66278A967F005AAA4A /* Main.storyboard */ = {
			isa = PBXVariantGroup;
			children = (
				87E10C67278A967F005AAA4A /* Base */,
			);
			name = Main.storyboard;
			sourceTree = "<group>";
		};
		87E10C6B278A9680005AAA4A /* LaunchScreen.storyboard */ = {
			isa = PBXVariantGroup;
			children = (
				87E10C6C278A9680005AAA4A /* Base */,
			);
			name = LaunchScreen.storyboard;
			sourceTree = "<group>";
		};
/* End PBXVariantGroup section */

/* Begin XCBuildConfiguration section */
		87E10C6F278A9680005AAA4A /* Debug */ = {
			isa = XCBuildConfiguration;
			buildSettings = {
				ALWAYS_SEARCH_USER_PATHS = NO;
				CLANG_ANALYZER_NONNULL = YES;
				CLANG_ANALYZER_NUMBER_OBJECT_CONVERSION = YES_AGGRESSIVE;
				CLANG_CXX_LANGUAGE_STANDARD = "gnu++17";
				CLANG_CXX_LIBRARY = "libc++";
				CLANG_ENABLE_MODULES = YES;
				CLANG_ENABLE_OBJC_ARC = YES;
				CLANG_ENABLE_OBJC_WEAK = YES;
				CLANG_WARN_BLOCK_CAPTURE_AUTORELEASING = YES;
				CLANG_WARN_BOOL_CONVERSION = YES;
				CLANG_WARN_COMMA = YES;
				CLANG_WARN_CONSTANT_CONVERSION = YES;
				CLANG_WARN_DEPRECATED_OBJC_IMPLEMENTATIONS = YES;
				CLANG_WARN_DIRECT_OBJC_ISA_USAGE = YES_ERROR;
				CLANG_WARN_DOCUMENTATION_COMMENTS = YES;
				CLANG_WARN_EMPTY_BODY = YES;
				CLANG_WARN_ENUM_CONVERSION = YES;
				CLANG_WARN_INFINITE_RECURSION = YES;
				CLANG_WARN_INT_CONVERSION = YES;
				CLANG_WARN_NON_LITERAL_NULL_CONVERSION = YES;
				CLANG_WARN_OBJC_IMPLICIT_RETAIN_SELF = YES;
				CLANG_WARN_OBJC_LITERAL_CONVERSION = YES;
				CLANG_WARN_OBJC_ROOT_CLASS = YES_ERROR;
				CLANG_WARN_QUOTED_INCLUDE_IN_FRAMEWORK_HEADER = YES;
				CLANG_WARN_RANGE_LOOP_ANALYSIS = YES;
				CLANG_WARN_STRICT_PROTOTYPES = YES;
				CLANG_WARN_SUSPICIOUS_MOVE = YES;
				CLANG_WARN_UNGUARDED_AVAILABILITY = YES_AGGRESSIVE;
				CLANG_WARN_UNREACHABLE_CODE = YES;
				CLANG_WARN__DUPLICATE_METHOD_MATCH = YES;
				COPY_PHASE_STRIP = NO;
				DEBUG_INFORMATION_FORMAT = dwarf;
				ENABLE_STRICT_OBJC_MSGSEND = YES;
				ENABLE_TESTABILITY = YES;
				GCC_C_LANGUAGE_STANDARD = gnu11;
				GCC_DYNAMIC_NO_PIC = NO;
				GCC_NO_COMMON_BLOCKS = YES;
				GCC_OPTIMIZATION_LEVEL = 0;
				GCC_PREPROCESSOR_DEFINITIONS = (
					"DEBUG=1",
					"$(inherited)",
				);
				GCC_WARN_64_TO_32_BIT_CONVERSION = YES;
				GCC_WARN_ABOUT_RETURN_TYPE = YES_ERROR;
				GCC_WARN_UNDECLARED_SELECTOR = YES;
				GCC_WARN_UNINITIALIZED_AUTOS = YES_AGGRESSIVE;
				GCC_WARN_UNUSED_FUNCTION = YES;
				GCC_WARN_UNUSED_VARIABLE = YES;
				IPHONEOS_DEPLOYMENT_TARGET = 15.2;
				MTL_ENABLE_DEBUG_INFO = INCLUDE_SOURCE;
				MTL_FAST_MATH = YES;
				ONLY_ACTIVE_ARCH = YES;
				SDKROOT = iphoneos;
				SWIFT_ACTIVE_COMPILATION_CONDITIONS = DEBUG;
				SWIFT_OPTIMIZATION_LEVEL = "-Onone";
			};
			name = Debug;
		};
		87E10C70278A9680005AAA4A /* Release */ = {
			isa = XCBuildConfiguration;
			buildSettings = {
				ALWAYS_SEARCH_USER_PATHS = NO;
				CLANG_ANALYZER_NONNULL = YES;
				CLANG_ANALYZER_NUMBER_OBJECT_CONVERSION = YES_AGGRESSIVE;
				CLANG_CXX_LANGUAGE_STANDARD = "gnu++17";
				CLANG_CXX_LIBRARY = "libc++";
				CLANG_ENABLE_MODULES = YES;
				CLANG_ENABLE_OBJC_ARC = YES;
				CLANG_ENABLE_OBJC_WEAK = YES;
				CLANG_WARN_BLOCK_CAPTURE_AUTORELEASING = YES;
				CLANG_WARN_BOOL_CONVERSION = YES;
				CLANG_WARN_COMMA = YES;
				CLANG_WARN_CONSTANT_CONVERSION = YES;
				CLANG_WARN_DEPRECATED_OBJC_IMPLEMENTATIONS = YES;
				CLANG_WARN_DIRECT_OBJC_ISA_USAGE = YES_ERROR;
				CLANG_WARN_DOCUMENTATION_COMMENTS = YES;
				CLANG_WARN_EMPTY_BODY = YES;
				CLANG_WARN_ENUM_CONVERSION = YES;
				CLANG_WARN_INFINITE_RECURSION = YES;
				CLANG_WARN_INT_CONVERSION = YES;
				CLANG_WARN_NON_LITERAL_NULL_CONVERSION = YES;
				CLANG_WARN_OBJC_IMPLICIT_RETAIN_SELF = YES;
				CLANG_WARN_OBJC_LITERAL_CONVERSION = YES;
				CLANG_WARN_OBJC_ROOT_CLASS = YES_ERROR;
				CLANG_WARN_QUOTED_INCLUDE_IN_FRAMEWORK_HEADER = YES;
				CLANG_WARN_RANGE_LOOP_ANALYSIS = YES;
				CLANG_WARN_STRICT_PROTOTYPES = YES;
				CLANG_WARN_SUSPICIOUS_MOVE = YES;
				CLANG_WARN_UNGUARDED_AVAILABILITY = YES_AGGRESSIVE;
				CLANG_WARN_UNREACHABLE_CODE = YES;
				CLANG_WARN__DUPLICATE_METHOD_MATCH = YES;
				COPY_PHASE_STRIP = NO;
				DEBUG_INFORMATION_FORMAT = "dwarf-with-dsym";
				ENABLE_NS_ASSERTIONS = NO;
				ENABLE_STRICT_OBJC_MSGSEND = YES;
				GCC_C_LANGUAGE_STANDARD = gnu11;
				GCC_NO_COMMON_BLOCKS = YES;
				GCC_WARN_64_TO_32_BIT_CONVERSION = YES;
				GCC_WARN_ABOUT_RETURN_TYPE = YES_ERROR;
				GCC_WARN_UNDECLARED_SELECTOR = YES;
				GCC_WARN_UNINITIALIZED_AUTOS = YES_AGGRESSIVE;
				GCC_WARN_UNUSED_FUNCTION = YES;
				GCC_WARN_UNUSED_VARIABLE = YES;
				IPHONEOS_DEPLOYMENT_TARGET = 15.2;
				MTL_ENABLE_DEBUG_INFO = NO;
				MTL_FAST_MATH = YES;
				SDKROOT = iphoneos;
				SWIFT_COMPILATION_MODE = wholemodule;
				SWIFT_OPTIMIZATION_LEVEL = "-O";
				VALIDATE_PRODUCT = YES;
			};
			name = Release;
		};
		87E10C72278A9680005AAA4A /* Debug */ = {
			isa = XCBuildConfiguration;
			baseConfigurationReference = 3A6F3AEA775E55F36E45865B /* Pods-Seachers.debug.xcconfig */;
			buildSettings = {
				ASSETCATALOG_COMPILER_APPICON_NAME = AppIcon;
				ASSETCATALOG_COMPILER_GLOBAL_ACCENT_COLOR_NAME = AccentColor;
				CODE_SIGN_STYLE = Automatic;
				CURRENT_PROJECT_VERSION = 1;
				DEVELOPMENT_TEAM = Z3WGH6HULM;
				"EXCLUDED_ARCHS[sdk=iphonesimulator*]" = arm64;
				GENERATE_INFOPLIST_FILE = YES;
				INFOPLIST_FILE = Seachers/Info.plist;
				INFOPLIST_KEY_UIApplicationSupportsIndirectInputEvents = YES;
				INFOPLIST_KEY_UILaunchStoryboardName = LaunchScreen;
				INFOPLIST_KEY_UIMainStoryboardFile = Main;
				INFOPLIST_KEY_UISupportedInterfaceOrientations_iPad = "UIInterfaceOrientationPortrait UIInterfaceOrientationPortraitUpsideDown UIInterfaceOrientationLandscapeLeft UIInterfaceOrientationLandscapeRight";
				INFOPLIST_KEY_UISupportedInterfaceOrientations_iPhone = "UIInterfaceOrientationPortrait UIInterfaceOrientationLandscapeLeft UIInterfaceOrientationLandscapeRight";
				LD_RUNPATH_SEARCH_PATHS = (
					"$(inherited)",
					"@executable_path/Frameworks",
				);
				MARKETING_VERSION = 1.0;
				PRODUCT_BUNDLE_IDENTIFIER = com.masashi.Seachers;
				PRODUCT_NAME = "$(TARGET_NAME)";
				SWIFT_EMIT_LOC_STRINGS = YES;
				SWIFT_VERSION = 5.0;
				TARGETED_DEVICE_FAMILY = "1,2";
			};
			name = Debug;
		};
		87E10C73278A9680005AAA4A /* Release */ = {
			isa = XCBuildConfiguration;
			baseConfigurationReference = 246EEE1674E45709A3BAA599 /* Pods-Seachers.release.xcconfig */;
			buildSettings = {
				ASSETCATALOG_COMPILER_APPICON_NAME = AppIcon;
				ASSETCATALOG_COMPILER_GLOBAL_ACCENT_COLOR_NAME = AccentColor;
				CODE_SIGN_STYLE = Automatic;
				CURRENT_PROJECT_VERSION = 1;
				DEVELOPMENT_TEAM = Z3WGH6HULM;
				"EXCLUDED_ARCHS[sdk=iphonesimulator*]" = arm64;
				GENERATE_INFOPLIST_FILE = YES;
				INFOPLIST_FILE = Seachers/Info.plist;
				INFOPLIST_KEY_UIApplicationSupportsIndirectInputEvents = YES;
				INFOPLIST_KEY_UILaunchStoryboardName = LaunchScreen;
				INFOPLIST_KEY_UIMainStoryboardFile = Main;
				INFOPLIST_KEY_UISupportedInterfaceOrientations_iPad = "UIInterfaceOrientationPortrait UIInterfaceOrientationPortraitUpsideDown UIInterfaceOrientationLandscapeLeft UIInterfaceOrientationLandscapeRight";
				INFOPLIST_KEY_UISupportedInterfaceOrientations_iPhone = "UIInterfaceOrientationPortrait UIInterfaceOrientationLandscapeLeft UIInterfaceOrientationLandscapeRight";
				LD_RUNPATH_SEARCH_PATHS = (
					"$(inherited)",
					"@executable_path/Frameworks",
				);
				MARKETING_VERSION = 1.0;
				PRODUCT_BUNDLE_IDENTIFIER = com.masashi.Seachers;
				PRODUCT_NAME = "$(TARGET_NAME)";
				SWIFT_EMIT_LOC_STRINGS = YES;
				SWIFT_VERSION = 5.0;
				TARGETED_DEVICE_FAMILY = "1,2";
			};
			name = Release;
		};
/* End XCBuildConfiguration section */

/* Begin XCConfigurationList section */
		87E10C58278A967F005AAA4A /* Build configuration list for PBXProject "Seachers" */ = {
			isa = XCConfigurationList;
			buildConfigurations = (
				87E10C6F278A9680005AAA4A /* Debug */,
				87E10C70278A9680005AAA4A /* Release */,
			);
			defaultConfigurationIsVisible = 0;
			defaultConfigurationName = Release;
		};
		87E10C71278A9680005AAA4A /* Build configuration list for PBXNativeTarget "Seachers" */ = {
			isa = XCConfigurationList;
			buildConfigurations = (
				87E10C72278A9680005AAA4A /* Debug */,
				87E10C73278A9680005AAA4A /* Release */,
			);
			defaultConfigurationIsVisible = 0;
			defaultConfigurationName = Release;
		};
/* End XCConfigurationList section */
	};
	rootObject = 87E10C55278A967F005AAA4A /* Project object */;
}
